
Microsoft Visual Studio Solution File, Format Version 12.00
# Visual Studio Version 17
VisualStudioVersion = 17.5.33530.505
MinimumVisualStudioVersion = 10.0.40219.1
Project("{FAE04EC0-301F-11D3-BF4B-00C04F79EFBC}") = "Lab04_Q3", "Lab04_Q3.csproj", "{56A68A16-0325-4F98-9792-E79E31A8AA83}"
EndProject
Global
	GlobalSection(SolutionConfigurationPlatforms) = preSolution
		Debug|Any CPU = Debug|Any CPU
		Release|Any CPU = Release|Any CPU
	EndGlobalSection
	GlobalSection(ProjectConfigurationPlatforms) = postSolution
		{56A68A16-0325-4F98-9792-E79E31A8AA83}.Debug|Any CPU.ActiveCfg = Debug|Any CPU
		{56A68A16-0325-4F98-9792-E79E31A8AA83}.Debug|Any CPU.Build.0 = Debug|Any CPU
		{56A68A16-0325-4F98-9792-E79E31A8AA83}.Release|Any CPU.ActiveCfg = Release|Any CPU
		{56A68A16-0325-4F98-9792-E79E31A8AA83}.Release|Any CPU.Build.0 = Release|Any CPU
	EndGlobalSection
	GlobalSection(SolutionProperties) = preSolution
		HideSolutionNode = FALSE
	EndGlobalSection
	GlobalSection(ExtensibilityGlobals) = postSolution
		SolutionGuid = {2BA52C1C-EBF8-440D-BB21-A423CBB1A243}
	EndGlobalSection
EndGlobal
