
Microsoft Visual Studio Solution File, Format Version 12.00
# Visual Studio Version 17
VisualStudioVersion = 17.5.33530.505
MinimumVisualStudioVersion = 10.0.40219.1
Project("{FAE04EC0-301F-11D3-BF4B-00C04F79EFBC}") = "Prac_04Q1", "Prac_04Q1.csproj", "{1A6A8CFC-D197-48E6-8AC4-49E7D35ED9BA}"
EndProject
Global
	GlobalSection(SolutionConfigurationPlatforms) = preSolution
		Debug|Any CPU = Debug|Any CPU
		Release|Any CPU = Release|Any CPU
	EndGlobalSection
	GlobalSection(ProjectConfigurationPlatforms) = postSolution
		{1A6A8CFC-D197-48E6-8AC4-49E7D35ED9BA}.Debug|Any CPU.ActiveCfg = Debug|Any CPU
		{1A6A8CFC-D197-48E6-8AC4-49E7D35ED9BA}.Debug|Any CPU.Build.0 = Debug|Any CPU
		{1A6A8CFC-D197-48E6-8AC4-49E7D35ED9BA}.Release|Any CPU.ActiveCfg = Release|Any CPU
		{1A6A8CFC-D197-48E6-8AC4-49E7D35ED9BA}.Release|Any CPU.Build.0 = Release|Any CPU
	EndGlobalSection
	GlobalSection(SolutionProperties) = preSolution
		HideSolutionNode = FALSE
	EndGlobalSection
	GlobalSection(ExtensibilityGlobals) = postSolution
		SolutionGuid = {B6933613-CFC3-40D5-95AE-824745483A2E}
	EndGlobalSection
EndGlobal
